{
  "nodes": {
    "crane": {
      "locked": {
        "lastModified": 1784564969,
        "narHash": "sha256-TkTWNhJV/8Wk3czlbz4bwHZkFCaCHPsOy+oJe4PUiXg=",
        "owner": "ipetkov",
        "repo": "crane",
        "rev": "7930f6c291de6f83c257839d434592aa085f290a",
        "type": "github"
      },
      "original": {
        "owner": "ipetkov",
        "repo": "crane",
        "type": "github"
      }
    },
    "flake-compat": {
      "flake": false,
      "locked": {
        "lastModified": 1733328505,
        "narHash": "sha256-NeCCThCEP3eCl2l/+27kNNK7QrwZB1IJCrXfrbv5oqU=",
        "owner": "edolstra",
        "repo": "flake-compat",
        "rev": "ff81ac966bb2cae68946d5ed5fc4994f96d0ffec",
        "type": "github"
      },
      "original": {
        "owner": "edolstra",
        "repo": "flake-compat",
        "type": "github"
      }
    },
    "flake-utils": {
      "inputs": {
        "systems": "systems"
      },
      "locked": {
        "lastModified": 1731533236,
        "narHash": "sha256-l0KFg5HjrsfsO/JpG+r7fRrqm12kzFHyUHqHCVpMMbI=",
        "owner": "numtide",
        "repo": "flake-utils",
        "rev": "11707dc2f618dd54ca8739b309ec4fc024de578b",
        "type": "github"
      },
      "original": {
        "owner": "numtide",
        "repo": "flake-utils",
        "type": "github"
      }
    },
    "flake-utils_2": {
      "inputs": {
        "systems": "systems_2"
      },
      "locked": {
        "lastModified": 1731533236,
        "narHash": "sha256-l0KFg5HjrsfsO/JpG+r7fRrqm12kzFHyUHqHCVpMMbI=",
        "owner": "numtide",
        "repo": "flake-utils",
        "rev": "11707dc2f618dd54ca8739b309ec4fc024de578b",
        "type": "github"
      },
      "original": {
        "owner": "numtide",
        "repo": "flake-utils",
        "type": "github"
      }
    },
    "gtk-flash": {
      "inputs": {
        "crane": "crane",
        "flake-utils": "flake-utils",
        "nix-appimage": "nix-appimage",
        "nixpkgs": [
          "nixpkgs"
        ],
        "rust-overlay": "rust-overlay"
      },
      "locked": {
        "lastModified": 1784673063,
        "narHash": "sha256-UMpktyJx4E5vz0uZm+7Cb9nfuZQtIJwVMFhqFQKeH90=",
        "ref": "refs/heads/main",
        "rev": "16d3ff614caf308ff69a230ad8add5ba32ae3129",
        "revCount": 12,
        "type": "git",
        "url": "https://nixos.tail69fe1.ts.net:3000/skabber/gtk-flash.git"
      },
      "original": {
        "type": "git",
        "url": "https://nixos.tail69fe1.ts.net:3000/skabber/gtk-flash.git"
      }
    },
    "home-manager": {
      "inputs": {
        "nixpkgs": [
          "nixpkgs"
        ]
      },
      "locked": {
        "lastModified": 1787176219,
        "narHash": "sha256-djoRr6jBpe35q/0JwAvXpFXg1Ktf+X54NU2RLR7wnHw=",
        "owner": "nix-community",
        "repo": "home-manager",
        "rev": "c53d643b3737e2fcd04e6cb3b3580ef50b2087a0",
        "type": "github"
      },
      "original": {
        "owner": "nix-community",
        "repo": "home-manager",
        "type": "github"
      }
    },
    "kokoro-fastapi-nix": {
      "inputs": {
        "nixpkgs": "nixpkgs_2"
      },
      "locked": {
        "lastModified": 1756063986,
        "narHash": "sha256-2T1blMdeG8APPD59fLeMafIW+U6UFX2R9hOz8O3Tc5U=",
        "owner": "mndfcked",
        "repo": "kokoro-fastapi-nix",
        "rev": "ad1a52c2f7a54c6a9af2e8f857c0eb8a36963282",
        "type": "github"
      },
      "original": {
        "owner": "mndfcked",
        "repo": "kokoro-fastapi-nix",
        "type": "github"
      }
    },
    "nix-appimage": {
      "inputs": {
        "flake-compat": "flake-compat",
        "flake-utils": "flake-utils_2",
        "nixpkgs": "nixpkgs"
      },
      "locked": {
        "lastModified": 1757920913,
        "narHash": "sha256-jd0QwCVz4O1sHHkeaZILD/7D6oyalceEJ4EFnWCgm0k=",
        "owner": "ralismark",
        "repo": "nix-appimage",
        "rev": "7946addbc0d97e358a6d7aefe5e82310f0fe6b18",
        "type": "github"
      },
      "original": {
        "owner": "ralismark",
        "repo": "nix-appimage",
        "type": "github"
      }
    },
    "nixpkgs": {
      "locked": {
        "lastModified": 1745997950,
        "narHash": "sha256-FklMkU+bPPx0L3i6pdrw65js05VO9He3DTeKguX9GQY=",
        "owner": "nixos",
        "repo": "nixpkgs",
        "rev": "cf3ffa5d140899101f1deb3f4d16b1a1aa2de849",
        "type": "github"
      },
      "original": {
        "owner": "nixos",
        "ref": "nixos-unstable",
        "repo": "nixpkgs",
        "type": "github"
      }
    },
    "nixpkgs-libreoffice": {
      "locked": {
        "lastModified": 1782723713,
        "narHash": "sha256-oPXCU/SSUokcGaJREHibG1CBX3+s/W7orDWQOZDsEeQ=",
        "owner": "NixOS",
        "repo": "nixpkgs",
        "rev": "b5aa0fbd538984f6e3d201be0005b4463d8b09f8",
        "type": "github"
      },
      "original": {
        "owner": "NixOS",
        "repo": "nixpkgs",
        "rev": "b5aa0fbd538984f6e3d201be0005b4463d8b09f8",
        "type": "github"
      }
    },
    "nixpkgs_2": {
      "locked": {
        "lastModified": 1755615617,
        "narHash": "sha256-HMwfAJBdrr8wXAkbGhtcby1zGFvs+StOp19xNsbqdOg=",
        "owner": "NixOS",
        "repo": "nixpkgs",
        "rev": "20075955deac2583bb12f07151c2df830ef346b4",
        "type": "github"
      },
      "original": {
        "owner": "NixOS",
        "ref": "nixos-unstable",
        "repo": "nixpkgs",
        "type": "github"
      }
    },
    "nixpkgs_3": {
      "locked": {
        "lastModified": 1787135253,
        "narHash": "sha256-RD2kNWCG+Bjo6h+JVjWVNntZs2GtRoeY2xHjts/FNkA=",
        "owner": "NixOS",
        "repo": "nixpkgs",
        "rev": "ffb3c9b700e759be2ef13237c9d8f953b32a1e46",
        "type": "github"
      },
      "original": {
        "owner": "NixOS",
        "ref": "nixos-unstable",
        "repo": "nixpkgs",
        "type": "github"
      }
    },
    "pain": {
      "inputs": {
        "nixpkgs": [
          "nixpkgs"
        ]
      },
      "locked": {
        "lastModified": 1785343385,
        "narHash": "sha256-Bsz75nYwLtCrKiyPSXkdFFVz5i7bcsX+yHCp+bgBKDc=",
        "owner": "skabber",
        "repo": "pain",
        "rev": "78aacbf7ab98f57e362c901d4410b27f9a95fb96",
        "type": "github"
      },
      "original": {
        "owner": "skabber",
        "repo": "pain",
        "type": "github"
      }
    },
    "root": {
      "inputs": {
        "gtk-flash": "gtk-flash",
        "home-manager": "home-manager",
        "kokoro-fastapi-nix": "kokoro-fastapi-nix",
        "nixpkgs": "nixpkgs_3",
        "nixpkgs-libreoffice": "nixpkgs-libreoffice",
        "pain": "pain",
        "wallbag-rust": "wallbag-rust"
      }
    },
    "rust-overlay": {
      "inputs": {
        "nixpkgs": [
          "gtk-flash",
          "nixpkgs"
        ]
      },
      "locked": {
        "lastModified": 1784611586,
        "narHash": "sha256-OfqgY+0hp/zseZB7uyH0U8kIDPS4scZZCyAurEplvG0=",
        "owner": "oxalica",
        "repo": "rust-overlay",
        "rev": "14f58845249f3552a89b07772626b8d3c632fa86",
        "type": "github"
      },
      "original": {
        "owner": "oxalica",
        "repo": "rust-overlay",
        "type": "github"
      }
    },
    "systems": {
      "locked": {
        "lastModified": 1681028828,
        "narHash": "sha256-Vy1rq5AaRuLzOxct8nz4T6wlgyUR7zLU309k9mBC768=",
        "owner": "nix-systems",
        "repo": "default",
        "rev": "da67096a3b9bf56a91d16901293e51ba5b49a27e",
        "type": "github"
      },
      "original": {
        "owner": "nix-systems",
        "repo": "default",
        "type": "github"
      }
    },
    "systems_2": {
      "locked": {
        "lastModified": 1681028828,
        "narHash": "sha256-Vy1rq5AaRuLzOxct8nz4T6wlgyUR7zLU309k9mBC768=",
        "owner": "nix-systems",
        "repo": "default",
        "rev": "da67096a3b9bf56a91d16901293e51ba5b49a27e",
        "type": "github"
      },
      "original": {
        "owner": "nix-systems",
        "repo": "default",
        "type": "github"
      }
    },
    "wallbag-rust": {
      "flake": false,
      "locked": {
        "lastModified": 1775165153,
        "narHash": "sha256-tOwzm2JsZbL0N/8/3k4bu3f4+wEu1vy4G1/NMuZO1Qo=",
        "ref": "refs/heads/main",
        "rev": "3ddd6c93b8ec87aa038b9ea717f96cc14759778a",
        "revCount": 11,
        "type": "git",
        "url": "https://nixos.tail69fe1.ts.net:3000/skabber/wallbag-rust.git"
      },
      "original": {
        "type": "git",
        "url": "https://nixos.tail69fe1.ts.net:3000/skabber/wallbag-rust.git"
      }
    }
  },
  "root": "root",
  "version": 7
}
